// !$*UTF8*$!
{
	archiveVersion = 1;
	classes = {
	};
	objectVersion = 52;
	objects = {

/* Begin PBXBuildFile section */
		84D3EC4D2577F6DF006A7613 /* TofyApp.swift in Sources */ = {isa = PBXBuildFile; fileRef = 84D3EC4C2577F6DF006A7613 /* TofyApp.swift */; };
		84D3EC512577F6E1006A7613 /* Assets.xcassets in Resources */ = {isa = PBXBuildFile; fileRef = 84D3EC502577F6E1006A7613 /* Assets.xcassets */; };
		84D3EC542577F6E1006A7613 /* Preview Assets.xcassets in Resources */ = {isa = PBXBuildFile; fileRef = 84D3EC532577F6E1006A7613 /* Preview Assets.xcassets */; };
		84D3EC562577F6E1006A7613 /* Persistence.swift in Sources */ = {isa = PBXBuildFile; fileRef = 84D3EC552577F6E1006A7613 /* Persistence.swift */; };
		84D3EC592577F6E1006A7613 /* Tofy.xcdatamodeld in Sources */ = {isa = PBXBuildFile; fileRef = 84D3EC572577F6E1006A7613 /* Tofy.xcdatamodeld */; };
		84D3EC642577F6E1006A7613 /* TofyTests.swift in Sources */ = {isa = PBXBuildFile; fileRef = 84D3EC632577F6E1006A7613 /* TofyTests.swift */; };
		84D3EC6F2577F6E1006A7613 /* TofyUITests.swift in Sources */ = {isa = PBXBuildFile; fileRef = 84D3EC6E2577F6E1006A7613 /* TofyUITests.swift */; };
		84D3EC812577F8A2006A7613 /* LoginView.swift in Sources */ = {isa = PBXBuildFile; fileRef = 84D3EC802577F8A2006A7613 /* LoginView.swift */; };
		84D3EC822577F8A2006A7613 /* LoginView.swift in Sources */ = {isa = PBXBuildFile; fileRef = 84D3EC802577F8A2006A7613 /* LoginView.swift */; };
		84D3EC832577F8A2006A7613 /* LoginView.swift in Sources */ = {isa = PBXBuildFile; fileRef = 84D3EC802577F8A2006A7613 /* LoginView.swift */; };
		84D3EC8B2577F8AD006A7613 /* LoginViewModel.swift in Sources */ = {isa = PBXBuildFile; fileRef = 84D3EC8A2577F8AD006A7613 /* LoginViewModel.swift */; };
		84D3EC8C2577F8AD006A7613 /* LoginViewModel.swift in Sources */ = {isa = PBXBuildFile; fileRef = 84D3EC8A2577F8AD006A7613 /* LoginViewModel.swift */; };
		84D3EC8D2577F8AD006A7613 /* LoginViewModel.swift in Sources */ = {isa = PBXBuildFile; fileRef = 84D3EC8A2577F8AD006A7613 /* LoginViewModel.swift */; };
		84F41407259102CE007B47B5 /* Botones.swift in Sources */ = {isa = PBXBuildFile; fileRef = 84F41406259102CE007B47B5 /* Botones.swift */; };
		84F41415259400CB007B47B5 /* ApiManager.swift in Sources */ = {isa = PBXBuildFile; fileRef = 84F41414259400CB007B47B5 /* ApiManager.swift */; };
		84F4141E2594FE05007B47B5 /* RegistroView.swift in Sources */ = {isa = PBXBuildFile; fileRef = 84F4141D2594FE05007B47B5 /* RegistroView.swift */; };
		84F414242594FE3D007B47B5 /* InfoView.swift in Sources */ = {isa = PBXBuildFile; fileRef = 84F414232594FE3D007B47B5 /* InfoView.swift */; };
		84F4142C259502C6007B47B5 /* RegistroViewModel.swift in Sources */ = {isa = PBXBuildFile; fileRef = 84F4142B259502C6007B47B5 /* RegistroViewModel.swift */; };
		84F414312597251E007B47B5 /* BaseView.swift in Sources */ = {isa = PBXBuildFile; fileRef = 84F414302597251E007B47B5 /* BaseView.swift */; };
		84F414372597266A007B47B5 /* ConfigurarPinView.swift in Sources */ = {isa = PBXBuildFile; fileRef = 84F414362597266A007B47B5 /* ConfigurarPinView.swift */; };
		84F414402597276D007B47B5 /* PinView.swift in Sources */ = {isa = PBXBuildFile; fileRef = 84F4143F2597276D007B47B5 /* PinView.swift */; };
		84F41445259728AB007B47B5 /* PinTextField.swift in Sources */ = {isa = PBXBuildFile; fileRef = 84F41444259728AB007B47B5 /* PinTextField.swift */; };
		84F4144A25972B2D007B47B5 /* PinTecladoView.swift in Sources */ = {isa = PBXBuildFile; fileRef = 84F4144925972B2D007B47B5 /* PinTecladoView.swift */; };
		84F414502599FE01007B47B5 /* ClavesView.swift in Sources */ = {isa = PBXBuildFile; fileRef = 84F4144F2599FE01007B47B5 /* ClavesView.swift */; };
		84F414582599FE94007B47B5 /* Localizable.strings in Resources */ = {isa = PBXBuildFile; fileRef = 84F414572599FE94007B47B5 /* Localizable.strings */; };
		84F4145D2599FEF7007B47B5 /* Extensions.swift in Sources */ = {isa = PBXBuildFile; fileRef = 84F4145C2599FEF7007B47B5 /* Extensions.swift */; };
		84F41466259A0230007B47B5 /* Usuario.swift in Sources */ = {isa = PBXBuildFile; fileRef = 84F41465259A0230007B47B5 /* Usuario.swift */; };
		84F4146E259A02F3007B47B5 /* PinViewModel.swift in Sources */ = {isa = PBXBuildFile; fileRef = 84F4146D259A02F3007B47B5 /* PinViewModel.swift */; };
		84F41473259A03D5007B47B5 /* BiometriaHelper.swift in Sources */ = {isa = PBXBuildFile; fileRef = 84F41472259A03D5007B47B5 /* BiometriaHelper.swift */; };
		84F41478259A0B37007B47B5 /* InfoBiometriaView.swift in Sources */ = {isa = PBXBuildFile; fileRef = 84F41477259A0B37007B47B5 /* InfoBiometriaView.swift */; };
		84F41493259A1D3B007B47B5 /* Lottie in Frameworks */ = {isa = PBXBuildFile; productRef = 84F41492259A1D3B007B47B5 /* Lottie */; };
		84F4149B259A1D7D007B47B5 /* LottieView.swift in Sources */ = {isa = PBXBuildFile; fileRef = 84F4149A259A1D7D007B47B5 /* LottieView.swift */; };
		84F414A1259A1EA0007B47B5 /* loading.json in Resources */ = {isa = PBXBuildFile; fileRef = 84F414A0259A1EA0007B47B5 /* loading.json */; };
		84F414A7259A204A007B47B5 /* MenuView.swift in Sources */ = {isa = PBXBuildFile; fileRef = 84F414A6259A204A007B47B5 /* MenuView.swift */; };
		84F414B0259A2489007B47B5 /* PinConfiguradoView.swift in Sources */ = {isa = PBXBuildFile; fileRef = 84F414AF259A2489007B47B5 /* PinConfiguradoView.swift */; };
		84F414B8259A24F4007B47B5 /* lock.json in Resources */ = {isa = PBXBuildFile; fileRef = 84F414B7259A24F4007B47B5 /* lock.json */; };
		84F414BE259A47A8007B47B5 /* SeguridadView.swift in Sources */ = {isa = PBXBuildFile; fileRef = 84F414BD259A47A8007B47B5 /* SeguridadView.swift */; };
		84F414C6259A49F7007B47B5 /* SeguridadViewModel.swift in Sources */ = {isa = PBXBuildFile; fileRef = 84F414C5259A49F7007B47B5 /* SeguridadViewModel.swift */; };
		84F414D0259A7513007B47B5 /* AddClaveView.swift in Sources */ = {isa = PBXBuildFile; fileRef = 84F414CF259A7513007B47B5 /* AddClaveView.swift */; };
		84F414D5259A8E2E007B47B5 /* DetalleClaveView.swift in Sources */ = {isa = PBXBuildFile; fileRef = 84F414D4259A8E2E007B47B5 /* DetalleClaveView.swift */; };
		84F414DB259AFDA3007B47B5 /* TofyKeys.xcdatamodeld in Sources */ = {isa = PBXBuildFile; fileRef = 84F414D9259AFDA3007B47B5 /* TofyKeys.xcdatamodeld */; };
		84F414E0259AFEBC007B47B5 /* ClavesManager.swift in Sources */ = {isa = PBXBuildFile; fileRef = 84F414DF259AFEBC007B47B5 /* ClavesManager.swift */; };
		84F414F0259B68C7007B47B5 /* ClavesViewModel.swift in Sources */ = {isa = PBXBuildFile; fileRef = 84F414EF259B68C7007B47B5 /* ClavesViewModel.swift */; };
		84F414F5259B7184007B47B5 /* EliminarView.swift in Sources */ = {isa = PBXBuildFile; fileRef = 84F414F4259B7184007B47B5 /* EliminarView.swift */; };
		84F414FD259D2FE5007B47B5 /* CerrarSesionView.swift in Sources */ = {isa = PBXBuildFile; fileRef = 84F414FC259D2FE5007B47B5 /* CerrarSesionView.swift */; };
		84F41502259D341F007B47B5 /* InformacionPopUpView.swift in Sources */ = {isa = PBXBuildFile; fileRef = 84F41501259D341F007B47B5 /* InformacionPopUpView.swift */; };
		84F41511259E339F007B47B5 /* AppInfoView.swift in Sources */ = {isa = PBXBuildFile; fileRef = 84F41510259E339F007B47B5 /* AppInfoView.swift */; };
		84F4152A25A0E80F007B47B5 /* unlock.json in Resources */ = {isa = PBXBuildFile; fileRef = 84F4152925A0E80F007B47B5 /* unlock.json */; };
		84FA0AA2257A611F0013B1CF /* TextView.swift in Sources */ = {isa = PBXBuildFile; fileRef = 84FA0AA1257A611F0013B1CF /* TextView.swift */; };
		84FA0AA3257A611F0013B1CF /* TextView.swift in Sources */ = {isa = PBXBuildFile; fileRef = 84FA0AA1257A611F0013B1CF /* TextView.swift */; };
		84FA0AA4257A611F0013B1CF /* TextView.swift in Sources */ = {isa = PBXBuildFile; fileRef = 84FA0AA1257A611F0013B1CF /* TextView.swift */; };
		84FA0AAC257A62700013B1CF /* Colores.swift in Sources */ = {isa = PBXBuildFile; fileRef = 84FA0AAB257A62700013B1CF /* Colores.swift */; };
		84FA0AAD257A62700013B1CF /* Colores.swift in Sources */ = {isa = PBXBuildFile; fileRef = 84FA0AAB257A62700013B1CF /* Colores.swift */; };
		84FA0AAE257A62700013B1CF /* Colores.swift in Sources */ = {isa = PBXBuildFile; fileRef = 84FA0AAB257A62700013B1CF /* Colores.swift */; };
		84FA0AB3257A675D0013B1CF /* Modifiers.swift in Sources */ = {isa = PBXBuildFile; fileRef = 84FA0AB2257A675D0013B1CF /* Modifiers.swift */; };
		84FA0AB4257A675D0013B1CF /* Modifiers.swift in Sources */ = {isa = PBXBuildFile; fileRef = 84FA0AB2257A675D0013B1CF /* Modifiers.swift */; };
		84FA0AB5257A675D0013B1CF /* Modifiers.swift in Sources */ = {isa = PBXBuildFile; fileRef = 84FA0AB2257A675D0013B1CF /* Modifiers.swift */; };
/* End PBXBuildFile section */

/* Begin PBXContainerItemProxy section */
		84D3EC602577F6E1006A7613 /* PBXContainerItemProxy */ = {
			isa = PBXContainerItemProxy;
			containerPortal = 84D3EC412577F6DF006A7613 /* Project object */;
			proxyType = 1;
			remoteGlobalIDString = 84D3EC482577F6DF006A7613;
			remoteInfo = Tofy;
		};
		84D3EC6B2577F6E1006A7613 /* PBXContainerItemProxy */ = {
			isa = PBXContainerItemProxy;
			containerPortal = 84D3EC412577F6DF006A7613 /* Project object */;
			proxyType = 1;
			remoteGlobalIDString = 84D3EC482577F6DF006A7613;
			remoteInfo = Tofy;
		};
/* End PBXContainerItemProxy section */

/* Begin PBXFileReference section */
		84D3EC492577F6DF006A7613 /* Tofy.app */ = {isa = PBXFileReference; explicitFileType = wrapper.application; includeInIndex = 0; path = Tofy.app; sourceTree = BUILT_PRODUCTS_DIR; };
		84D3EC4C2577F6DF006A7613 /* TofyApp.swift */ = {isa = PBXFileReference; lastKnownFileType = sourcecode.swift; path = TofyApp.swift; sourceTree = "<group>"; };
		84D3EC502577F6E1006A7613 /* Assets.xcassets */ = {isa = PBXFileReference; lastKnownFileType = folder.assetcatalog; path = Assets.xcassets; sourceTree = "<group>"; };
		84D3EC532577F6E1006A7613 /* Preview Assets.xcassets */ = {isa = PBXFileReference; lastKnownFileType = folder.assetcatalog; path = "Preview Assets.xcassets"; sourceTree = "<group>"; };
		84D3EC552577F6E1006A7613 /* Persistence.swift */ = {isa = PBXFileReference; lastKnownFileType = sourcecode.swift; path = Persistence.swift; sourceTree = "<group>"; };
		84D3EC582577F6E1006A7613 /* Tofy.xcdatamodel */ = {isa = PBXFileReference; lastKnownFileType = wrapper.xcdatamodel; path = Tofy.xcdatamodel; sourceTree = "<group>"; };
		84D3EC5A2577F6E1006A7613 /* Info.plist */ = {isa = PBXFileReference; lastKnownFileType = text.plist.xml; path = Info.plist; sourceTree = "<group>"; };
		84D3EC5F2577F6E1006A7613 /* TofyTests.xctest */ = {isa = PBXFileReference; explicitFileType = wrapper.cfbundle; includeInIndex = 0; path = TofyTests.xctest; sourceTree = BUILT_PRODUCTS_DIR; };
		84D3EC632577F6E1006A7613 /* TofyTests.swift */ = {isa = PBXFileReference; lastKnownFileType = sourcecode.swift; path = TofyTests.swift; sourceTree = "<group>"; };
		84D3EC652577F6E1006A7613 /* Info.plist */ = {isa = PBXFileReference; lastKnownFileType = text.plist.xml; path = Info.plist; sourceTree = "<group>"; };
		84D3EC6A2577F6E1006A7613 /* TofyUITests.xctest */ = {isa = PBXFileReference; explicitFileType = wrapper.cfbundle; includeInIndex = 0; path = TofyUITests.xctest; sourceTree = BUILT_PRODUCTS_DIR; };
		84D3EC6E2577F6E1006A7613 /* TofyUITests.swift */ = {isa = PBXFileReference; lastKnownFileType = sourcecode.swift; path = TofyUITests.swift; sourceTree = "<group>"; };
		84D3EC702577F6E1006A7613 /* Info.plist */ = {isa = PBXFileReference; lastKnownFileType = text.plist.xml; path = Info.plist; sourceTree = "<group>"; };
		84D3EC802577F8A2006A7613 /* LoginView.swift */ = {isa = PBXFileReference; lastKnownFileType = sourcecode.swift; path = LoginView.swift; sourceTree = "<group>"; };
		84D3EC8A2577F8AD006A7613 /* LoginViewModel.swift */ = {isa = PBXFileReference; lastKnownFileType = sourcecode.swift; path = LoginViewModel.swift; sourceTree = "<group>"; };
		84F41406259102CE007B47B5 /* Botones.swift */ = {isa = PBXFileReference; lastKnownFileType = sourcecode.swift; path = Botones.swift; sourceTree = "<group>"; };
		84F41414259400CB007B47B5 /* ApiManager.swift */ = {isa = PBXFileReference; lastKnownFileType = sourcecode.swift; path = ApiManager.swift; sourceTree = "<group>"; };
		84F4141D2594FE05007B47B5 /* RegistroView.swift */ = {isa = PBXFileReference; lastKnownFileType = sourcecode.swift; path = RegistroView.swift; sourceTree = "<group>"; };
		84F414232594FE3D007B47B5 /* InfoView.swift */ = {isa = PBXFileReference; lastKnownFileType = sourcecode.swift; path = InfoView.swift; sourceTree = "<group>"; };
		84F4142B259502C6007B47B5 /* RegistroViewModel.swift */ = {isa = PBXFileReference; lastKnownFileType = sourcecode.swift; path = RegistroViewModel.swift; sourceTree = "<group>"; };
		84F414302597251E007B47B5 /* BaseView.swift */ = {isa = PBXFileReference; lastKnownFileType = sourcecode.swift; path = BaseView.swift; sourceTree = "<group>"; };
		84F414362597266A007B47B5 /* ConfigurarPinView.swift */ = {isa = PBXFileReference; lastKnownFileType = sourcecode.swift; path = ConfigurarPinView.swift; sourceTree = "<group>"; };
		84F4143F2597276D007B47B5 /* PinView.swift */ = {isa = PBXFileReference; lastKnownFileType = sourcecode.swift; path = PinView.swift; sourceTree = "<group>"; };
		84F41444259728AB007B47B5 /* PinTextField.swift */ = {isa = PBXFileReference; lastKnownFileType = sourcecode.swift; path = PinTextField.swift; sourceTree = "<group>"; };
		84F4144925972B2D007B47B5 /* PinTecladoView.swift */ = {isa = PBXFileReference; lastKnownFileType = sourcecode.swift; path = PinTecladoView.swift; sourceTree = "<group>"; };
		84F4144F2599FE01007B47B5 /* ClavesView.swift */ = {isa = PBXFileReference; lastKnownFileType = sourcecode.swift; path = ClavesView.swift; sourceTree = "<group>"; };
		84F414572599FE94007B47B5 /* Localizable.strings */ = {isa = PBXFileReference; lastKnownFileType = text.plist.strings; path = Localizable.strings; sourceTree = "<group>"; };
		84F4145C2599FEF7007B47B5 /* Extensions.swift */ = {isa = PBXFileReference; lastKnownFileType = sourcecode.swift; path = Extensions.swift; sourceTree = "<group>"; };
		84F41465259A0230007B47B5 /* Usuario.swift */ = {isa = PBXFileReference; lastKnownFileType = sourcecode.swift; path = Usuario.swift; sourceTree = "<group>"; };
		84F4146D259A02F3007B47B5 /* PinViewModel.swift */ = {isa = PBXFileReference; lastKnownFileType = sourcecode.swift; path = PinViewModel.swift; sourceTree = "<group>"; };
		84F41472259A03D5007B47B5 /* BiometriaHelper.swift */ = {isa = PBXFileReference; lastKnownFileType = sourcecode.swift; path = BiometriaHelper.swift; sourceTree = "<group>"; };
		84F41477259A0B37007B47B5 /* InfoBiometriaView.swift */ = {isa = PBXFileReference; lastKnownFileType = sourcecode.swift; path = InfoBiometriaView.swift; sourceTree = "<group>"; };
		84F4149A259A1D7D007B47B5 /* LottieView.swift */ = {isa = PBXFileReference; lastKnownFileType = sourcecode.swift; path = LottieView.swift; sourceTree = "<group>"; };
		84F414A0259A1EA0007B47B5 /* loading.json */ = {isa = PBXFileReference; fileEncoding = 4; lastKnownFileType = text.json; path = loading.json; sourceTree = "<group>"; };
		84F414A6259A204A007B47B5 /* MenuView.swift */ = {isa = PBXFileReference; lastKnownFileType = sourcecode.swift; path = MenuView.swift; sourceTree = "<group>"; };
		84F414AF259A2489007B47B5 /* PinConfiguradoView.swift */ = {isa = PBXFileReference; lastKnownFileType = sourcecode.swift; path = PinConfiguradoView.swift; sourceTree = "<group>"; };
		84F414B7259A24F4007B47B5 /* lock.json */ = {isa = PBXFileReference; fileEncoding = 4; lastKnownFileType = text.json; path = lock.json; sourceTree = "<group>"; };
		84F414BD259A47A8007B47B5 /* SeguridadView.swift */ = {isa = PBXFileReference; lastKnownFileType = sourcecode.swift; path = SeguridadView.swift; sourceTree = "<group>"; };
		84F414C5259A49F7007B47B5 /* SeguridadViewModel.swift */ = {isa = PBXFileReference; lastKnownFileType = sourcecode.swift; path = SeguridadViewModel.swift; sourceTree = "<group>"; };
		84F414CF259A7513007B47B5 /* AddClaveView.swift */ = {isa = PBXFileReference; lastKnownFileType = sourcecode.swift; path = AddClaveView.swift; sourceTree = "<group>"; };
		84F414D4259A8E2E007B47B5 /* DetalleClaveView.swift */ = {isa = PBXFileReference; lastKnownFileType = sourcecode.swift; path = DetalleClaveView.swift; sourceTree = "<group>"; };
		84F414DA259AFDA3007B47B5 /* TofyKeys.xcdatamodel */ = {isa = PBXFileReference; lastKnownFileType = wrapper.xcdatamodel; path = TofyKeys.xcdatamodel; sourceTree = "<group>"; };
		84F414DF259AFEBC007B47B5 /* ClavesManager.swift */ = {isa = PBXFileReference; lastKnownFileType = sourcecode.swift; path = ClavesManager.swift; sourceTree = "<group>"; };
		84F414EF259B68C7007B47B5 /* ClavesViewModel.swift */ = {isa = PBXFileReference; lastKnownFileType = sourcecode.swift; path = ClavesViewModel.swift; sourceTree = "<group>"; };
		84F414F4259B7184007B47B5 /* EliminarView.swift */ = {isa = PBXFileReference; lastKnownFileType = sourcecode.swift; path = EliminarView.swift; sourceTree = "<group>"; };
		84F414FC259D2FE5007B47B5 /* CerrarSesionView.swift */ = {isa = PBXFileReference; lastKnownFileType = sourcecode.swift; path = CerrarSesionView.swift; sourceTree = "<group>"; };
		84F41501259D341F007B47B5 /* InformacionPopUpView.swift */ = {isa = PBXFileReference; lastKnownFileType = sourcecode.swift; path = InformacionPopUpView.swift; sourceTree = "<group>"; };
		84F41510259E339F007B47B5 /* AppInfoView.swift */ = {isa = PBXFileReference; lastKnownFileType = sourcecode.swift; path = AppInfoView.swift; sourceTree = "<group>"; };
		84F4152925A0E80F007B47B5 /* unlock.json */ = {isa = PBXFileReference; fileEncoding = 4; lastKnownFileType = text.json; path = unlock.json; sourceTree = "<group>"; };
		84FA0AA1257A611F0013B1CF /* TextView.swift */ = {isa = PBXFileReference; lastKnownFileType = sourcecode.swift; path = TextView.swift; sourceTree = "<group>"; };
		84FA0AAB257A62700013B1CF /* Colores.swift */ = {isa = PBXFileReference; lastKnownFileType = sourcecode.swift; path = Colores.swift; sourceTree = "<group>"; };
		84FA0AB2257A675D0013B1CF /* Modifiers.swift */ = {isa = PBXFileReference; lastKnownFileType = sourcecode.swift; path = Modifiers.swift; sourceTree = "<group>"; };
/* End PBXFileReference section */

/* Begin PBXFrameworksBuildPhase section */
		84D3EC462577F6DF006A7613 /* Frameworks */ = {
			isa = PBXFrameworksBuildPhase;
			buildActionMask = 2147483647;
			files = (
				84F41493259A1D3B007B47B5 /* Lottie in Frameworks */,
			);
			runOnlyForDeploymentPostprocessing = 0;
		};
		84D3EC5C2577F6E1006A7613 /* Frameworks */ = {
			isa = PBXFrameworksBuildPhase;
			buildActionMask = 2147483647;
			files = (
			);
			runOnlyForDeploymentPostprocessing = 0;
		};
		84D3EC672577F6E1006A7613 /* Frameworks */ = {
			isa = PBXFrameworksBuildPhase;
			buildActionMask = 2147483647;
			files = (
			);
			runOnlyForDeploymentPostprocessing = 0;
		};
/* End PBXFrameworksBuildPhase section */

/* Begin PBXGroup section */
		84D3EC402577F6DF006A7613 = {
			isa = PBXGroup;
			children = (
				84D3EC4B2577F6DF006A7613 /* Tofy */,
				84D3EC622577F6E1006A7613 /* TofyTests */,
				84D3EC6D2577F6E1006A7613 /* TofyUITests */,
				84D3EC4A2577F6DF006A7613 /* Products */,
			);
			sourceTree = "<group>";
		};
		84D3EC4A2577F6DF006A7613 /* Products */ = {
			isa = PBXGroup;
			children = (
				84D3EC492577F6DF006A7613 /* Tofy.app */,
				84D3EC5F2577F6E1006A7613 /* TofyTests.xctest */,
				84D3EC6A2577F6E1006A7613 /* TofyUITests.xctest */,
			);
			name = Products;
			sourceTree = "<group>";
		};
		84D3EC4B2577F6DF006A7613 /* Tofy */ = {
			isa = PBXGroup;
			children = (
				84F414A5259A2035007B47B5 /* Menu */,
				84F41464259A01A2007B47B5 /* Data */,
				84F4144E2599FDF4007B47B5 /* Claves */,
				84F414222594FE22007B47B5 /* Componentes */,
				84F41413259400B6007B47B5 /* API */,
				84FA0AA0257A60FF0013B1CF /* Helper */,
				84D3EC7F2577F88E006A7613 /* Login */,
				84D3EC4C2577F6DF006A7613 /* TofyApp.swift */,
				84D3EC502577F6E1006A7613 /* Assets.xcassets */,
				84D3EC552577F6E1006A7613 /* Persistence.swift */,
				84D3EC5A2577F6E1006A7613 /* Info.plist */,
				84D3EC572577F6E1006A7613 /* Tofy.xcdatamodeld */,
				84D3EC522577F6E1006A7613 /* Preview Content */,
				84F414D9259AFDA3007B47B5 /* TofyKeys.xcdatamodeld */,
			);
			path = Tofy;
			sourceTree = "<group>";
		};
		84D3EC522577F6E1006A7613 /* Preview Content */ = {
			isa = PBXGroup;
			children = (
				84D3EC532577F6E1006A7613 /* Preview Assets.xcassets */,
			);
			path = "Preview Content";
			sourceTree = "<group>";
		};
		84D3EC622577F6E1006A7613 /* TofyTests */ = {
			isa = PBXGroup;
			children = (
				84D3EC632577F6E1006A7613 /* TofyTests.swift */,
				84D3EC652577F6E1006A7613 /* Info.plist */,
			);
			path = TofyTests;
			sourceTree = "<group>";
		};
		84D3EC6D2577F6E1006A7613 /* TofyUITests */ = {
			isa = PBXGroup;
			children = (
				84D3EC6E2577F6E1006A7613 /* TofyUITests.swift */,
				84D3EC702577F6E1006A7613 /* Info.plist */,
			);
			path = TofyUITests;
			sourceTree = "<group>";
		};
		84D3EC7F2577F88E006A7613 /* Login */ = {
			isa = PBXGroup;
			children = (
				84F414AE259A2472007B47B5 /* PinConfigurado */,
				84F4143E2597275E007B47B5 /* Pin */,
				84F4143525972653007B47B5 /* ConfigurarPin */,
				84F4141C2594FDF0007B47B5 /* Registro */,
				84D3EC802577F8A2006A7613 /* LoginView.swift */,
				84D3EC8A2577F8AD006A7613 /* LoginViewModel.swift */,
			);
			path = Login;
			sourceTree = "<group>";
		};
		84F41413259400B6007B47B5 /* API */ = {
			isa = PBXGroup;
			children = (
				84F41414259400CB007B47B5 /* ApiManager.swift */,
			);
			path = API;
			sourceTree = "<group>";
		};
		84F4141C2594FDF0007B47B5 /* Registro */ = {
			isa = PBXGroup;
			children = (
				84F4141D2594FE05007B47B5 /* RegistroView.swift */,
				84F4142B259502C6007B47B5 /* RegistroViewModel.swift */,
			);
			path = Registro;
			sourceTree = "<group>";
		};
		84F414222594FE22007B47B5 /* Componentes */ = {
			isa = PBXGroup;
			children = (
				84F414232594FE3D007B47B5 /* InfoView.swift */,
				84F41444259728AB007B47B5 /* PinTextField.swift */,
				84F4144925972B2D007B47B5 /* PinTecladoView.swift */,
				84F41477259A0B37007B47B5 /* InfoBiometriaView.swift */,
				84F414CF259A7513007B47B5 /* AddClaveView.swift */,
				84F414D4259A8E2E007B47B5 /* DetalleClaveView.swift */,
				84F414F4259B7184007B47B5 /* EliminarView.swift */,
				84F414FC259D2FE5007B47B5 /* CerrarSesionView.swift */,
				84F41501259D341F007B47B5 /* InformacionPopUpView.swift */,
			);
			path = Componentes;
			sourceTree = "<group>";
		};
		84F4143525972653007B47B5 /* ConfigurarPin */ = {
			isa = PBXGroup;
			children = (
				84F414362597266A007B47B5 /* ConfigurarPinView.swift */,
			);
			path = ConfigurarPin;
			sourceTree = "<group>";
		};
		84F4143E2597275E007B47B5 /* Pin */ = {
			isa = PBXGroup;
			children = (
				84F4143F2597276D007B47B5 /* PinView.swift */,
				84F4146D259A02F3007B47B5 /* PinViewModel.swift */,
			);
			path = Pin;
			sourceTree = "<group>";
		};
		84F4144E2599FDF4007B47B5 /* Claves */ = {
			isa = PBXGroup;
			children = (
				84F4144F2599FE01007B47B5 /* ClavesView.swift */,
				84F414EF259B68C7007B47B5 /* ClavesViewModel.swift */,
			);
			path = Claves;
			sourceTree = "<group>";
		};
		84F41464259A01A2007B47B5 /* Data */ = {
			isa = PBXGroup;
			children = (
				84F41465259A0230007B47B5 /* Usuario.swift */,
				84F414DF259AFEBC007B47B5 /* ClavesManager.swift */,
			);
			path = Data;
			sourceTree = "<group>";
		};
		84F4149F259A1E84007B47B5 /* LottieFiles */ = {
			isa = PBXGroup;
			children = (
				84F4152925A0E80F007B47B5 /* unlock.json */,
				84F414B7259A24F4007B47B5 /* lock.json */,
				84F414A0259A1EA0007B47B5 /* loading.json */,
			);
			path = LottieFiles;
			sourceTree = "<group>";
		};
		84F414A5259A2035007B47B5 /* Menu */ = {
			isa = PBXGroup;
			children = (
				84F4150F259E3393007B47B5 /* AppInfo */,
				84F414BC259A479B007B47B5 /* Seguridad */,
				84F414A6259A204A007B47B5 /* MenuView.swift */,
			);
			path = Menu;
			sourceTree = "<group>";
		};
		84F414AE259A2472007B47B5 /* PinConfigurado */ = {
			isa = PBXGroup;
			children = (
				84F414AF259A2489007B47B5 /* PinConfiguradoView.swift */,
			);
			path = PinConfigurado;
			sourceTree = "<group>";
		};
		84F414BC259A479B007B47B5 /* Seguridad */ = {
			isa = PBXGroup;
			children = (
				84F414BD259A47A8007B47B5 /* SeguridadView.swift */,
				84F414C5259A49F7007B47B5 /* SeguridadViewModel.swift */,
			);
			path = Seguridad;
			sourceTree = "<group>";
		};
		84F4150F259E3393007B47B5 /* AppInfo */ = {
			isa = PBXGroup;
			children = (
				84F41510259E339F007B47B5 /* AppInfoView.swift */,
			);
			path = AppInfo;
			sourceTree = "<group>";
		};
		84FA0AA0257A60FF0013B1CF /* Helper */ = {
			isa = PBXGroup;
			children = (
				84F4149F259A1E84007B47B5 /* LottieFiles */,
				84FA0AA1257A611F0013B1CF /* TextView.swift */,
				84FA0AAB257A62700013B1CF /* Colores.swift */,
				84FA0AB2257A675D0013B1CF /* Modifiers.swift */,
				84F41406259102CE007B47B5 /* Botones.swift */,
				84F414302597251E007B47B5 /* BaseView.swift */,
				84F414572599FE94007B47B5 /* Localizable.strings */,
				84F4145C2599FEF7007B47B5 /* Extensions.swift */,
				84F41472259A03D5007B47B5 /* BiometriaHelper.swift */,
				84F4149A259A1D7D007B47B5 /* LottieView.swift */,
			);
			path = Helper;
			sourceTree = "<group>";
		};
/* End PBXGroup section */

/* Begin PBXNativeTarget section */
		84D3EC482577F6DF006A7613 /* Tofy */ = {
			isa = PBXNativeTarget;
			buildConfigurationList = 84D3EC732577F6E1006A7613 /* Build configuration list for PBXNativeTarget "Tofy" */;
			buildPhases = (
				84D3EC452577F6DF006A7613 /* Sources */,
				84D3EC462577F6DF006A7613 /* Frameworks */,
				84D3EC472577F6DF006A7613 /* Resources */,
			);
			buildRules = (
			);
			dependencies = (
			);
			name = Tofy;
			packageProductDependencies = (
				84F41492259A1D3B007B47B5 /* Lottie */,
			);
			productName = Tofy;
			productReference = 84D3EC492577F6DF006A7613 /* Tofy.app */;
			productType = "com.apple.product-type.application";
		};
		84D3EC5E2577F6E1006A7613 /* TofyTests */ = {
			isa = PBXNativeTarget;
			buildConfigurationList = 84D3EC762577F6E1006A7613 /* Build configuration list for PBXNativeTarget "TofyTests" */;
			buildPhases = (
				84D3EC5B2577F6E1006A7613 /* Sources */,
				84D3EC5C2577F6E1006A7613 /* Frameworks */,
				84D3EC5D2577F6E1006A7613 /* Resources */,
			);
			buildRules = (
			);
			dependencies = (
				84D3EC612577F6E1006A7613 /* PBXTargetDependency */,
			);
			name = TofyTests;
			productName = TofyTests;
			productReference = 84D3EC5F2577F6E1006A7613 /* TofyTests.xctest */;
			productType = "com.apple.product-type.bundle.unit-test";
		};
		84D3EC692577F6E1006A7613 /* TofyUITests */ = {
			isa = PBXNativeTarget;
			buildConfigurationList = 84D3EC792577F6E1006A7613 /* Build configuration list for PBXNativeTarget "TofyUITests" */;
			buildPhases = (
				84D3EC662577F6E1006A7613 /* Sources */,
				84D3EC672577F6E1006A7613 /* Frameworks */,
				84D3EC682577F6E1006A7613 /* Resources */,
			);
			buildRules = (
			);
			dependencies = (
				84D3EC6C2577F6E1006A7613 /* PBXTargetDependency */,
			);
			name = TofyUITests;
			productName = TofyUITests;
			productReference = 84D3EC6A2577F6E1006A7613 /* TofyUITests.xctest */;
			productType = "com.apple.product-type.bundle.ui-testing";
		};
/* End PBXNativeTarget section */

/* Begin PBXProject section */
		84D3EC412577F6DF006A7613 /* Project object */ = {
			isa = PBXProject;
			attributes = {
				LastSwiftUpdateCheck = 1220;
				LastUpgradeCheck = 1220;
				TargetAttributes = {
					84D3EC482577F6DF006A7613 = {
						CreatedOnToolsVersion = 12.2;
					};
					84D3EC5E2577F6E1006A7613 = {
						CreatedOnToolsVersion = 12.2;
						TestTargetID = 84D3EC482577F6DF006A7613;
					};
					84D3EC692577F6E1006A7613 = {
						CreatedOnToolsVersion = 12.2;
						TestTargetID = 84D3EC482577F6DF006A7613;
					};
				};
			};
			buildConfigurationList = 84D3EC442577F6DF006A7613 /* Build configuration list for PBXProject "Tofy" */;
			compatibilityVersion = "Xcode 9.3";
			developmentRegion = en;
			hasScannedForEncodings = 0;
			knownRegions = (
				en,
				Base,
			);
			mainGroup = 84D3EC402577F6DF006A7613;
			packageReferences = (
				84F41491259A1D3B007B47B5 /* XCRemoteSwiftPackageReference "lottie-ios" */,
			);
			productRefGroup = 84D3EC4A2577F6DF006A7613 /* Products */;
			projectDirPath = "";
			projectRoot = "";
			targets = (
				84D3EC482577F6DF006A7613 /* Tofy */,
				84D3EC5E2577F6E1006A7613 /* TofyTests */,
				84D3EC692577F6E1006A7613 /* TofyUITests */,
			);
		};
/* End PBXProject section */

/* Begin PBXResourcesBuildPhase section */
		84D3EC472577F6DF006A7613 /* Resources */ = {
			isa = PBXResourcesBuildPhase;
			buildActionMask = 2147483647;
			files = (
				84D3EC542577F6E1006A7613 /* Preview Assets.xcassets in Resources */,
				84F414582599FE94007B47B5 /* Localizable.strings in Resources */,
				84F414B8259A24F4007B47B5 /* lock.json in Resources */,
				84F414A1259A1EA0007B47B5 /* loading.json in Resources */,
				84F4152A25A0E80F007B47B5 /* unlock.json in Resources */,
				84D3EC512577F6E1006A7613 /* Assets.xcassets in Resources */,
			);
			runOnlyForDeploymentPostprocessing = 0;
		};
		84D3EC5D2577F6E1006A7613 /* Resources */ = {
			isa = PBXResourcesBuildPhase;
			buildActionMask = 2147483647;
			files = (
			);
			runOnlyForDeploymentPostprocessing = 0;
		};
		84D3EC682577F6E1006A7613 /* Resources */ = {
			isa = PBXResourcesBuildPhase;
			buildActionMask = 2147483647;
			files = (
			);
			runOnlyForDeploymentPostprocessing = 0;
		};
/* End PBXResourcesBuildPhase section */

/* Begin PBXSourcesBuildPhase section */
		84D3EC452577F6DF006A7613 /* Sources */ = {
			isa = PBXSourcesBuildPhase;
			buildActionMask = 2147483647;
			files = (
				84D3EC562577F6E1006A7613 /* Persistence.swift in Sources */,
				84F4144A25972B2D007B47B5 /* PinTecladoView.swift in Sources */,
				84F4149B259A1D7D007B47B5 /* LottieView.swift in Sources */,
				84F414F5259B7184007B47B5 /* EliminarView.swift in Sources */,
				84F41466259A0230007B47B5 /* Usuario.swift in Sources */,
				84F41407259102CE007B47B5 /* Botones.swift in Sources */,
				84F4146E259A02F3007B47B5 /* PinViewModel.swift in Sources */,
				84F414C6259A49F7007B47B5 /* SeguridadViewModel.swift in Sources */,
				84F41478259A0B37007B47B5 /* InfoBiometriaView.swift in Sources */,
				84F414A7259A204A007B47B5 /* MenuView.swift in Sources */,
				84F41473259A03D5007B47B5 /* BiometriaHelper.swift in Sources */,
				84F4141E2594FE05007B47B5 /* RegistroView.swift in Sources */,
				84F414DB259AFDA3007B47B5 /* TofyKeys.xcdatamodeld in Sources */,
				84F414F0259B68C7007B47B5 /* ClavesViewModel.swift in Sources */,
				84F414502599FE01007B47B5 /* ClavesView.swift in Sources */,
				84F41502259D341F007B47B5 /* InformacionPopUpView.swift in Sources */,
				84F41415259400CB007B47B5 /* ApiManager.swift in Sources */,
				84F414372597266A007B47B5 /* ConfigurarPinView.swift in Sources */,
				84F41445259728AB007B47B5 /* PinTextField.swift in Sources */,
				84F4142C259502C6007B47B5 /* RegistroViewModel.swift in Sources */,
				84F414242594FE3D007B47B5 /* InfoView.swift in Sources */,
				84FA0AAC257A62700013B1CF /* Colores.swift in Sources */,
				84D3EC8B2577F8AD006A7613 /* LoginViewModel.swift in Sources */,
				84D3EC4D2577F6DF006A7613 /* TofyApp.swift in Sources */,
				84F414B0259A2489007B47B5 /* PinConfiguradoView.swift in Sources */,
				84F414402597276D007B47B5 /* PinView.swift in Sources */,
				84FA0AB3257A675D0013B1CF /* Modifiers.swift in Sources */,
				84F4145D2599FEF7007B47B5 /* Extensions.swift in Sources */,
				84F414D0259A7513007B47B5 /* AddClaveView.swift in Sources */,
				84F414D5259A8E2E007B47B5 /* DetalleClaveView.swift in Sources */,
				84F414E0259AFEBC007B47B5 /* ClavesManager.swift in Sources */,
				84FA0AA2257A611F0013B1CF /* TextView.swift in Sources */,
				84F41511259E339F007B47B5 /* AppInfoView.swift in Sources */,
				84F414312597251E007B47B5 /* BaseView.swift in Sources */,
				84F414FD259D2FE5007B47B5 /* CerrarSesionView.swift in Sources */,
				84F414BE259A47A8007B47B5 /* SeguridadView.swift in Sources */,
				84D3EC812577F8A2006A7613 /* LoginView.swift in Sources */,
				84D3EC592577F6E1006A7613 /* Tofy.xcdatamodeld in Sources */,
			);
			runOnlyForDeploymentPostprocessing = 0;
		};
		84D3EC5B2577F6E1006A7613 /* Sources */ = {
			isa = PBXSourcesBuildPhase;
			buildActionMask = 2147483647;
			files = (
				84FA0AAD257A62700013B1CF /* Colores.swift in Sources */,
				84D3EC822577F8A2006A7613 /* LoginView.swift in Sources */,
				84FA0AA3257A611F0013B1CF /* TextView.swift in Sources */,
				84D3EC642577F6E1006A7613 /* TofyTests.swift in Sources */,
				84FA0AB4257A675D0013B1CF /* Modifiers.swift in Sources */,
				84D3EC8C2577F8AD006A7613 /* LoginViewModel.swift in Sources */,
			);
			runOnlyForDeploymentPostprocessing = 0;
		};
		84D3EC662577F6E1006A7613 /* Sources */ = {
			isa = PBXSourcesBuildPhase;
			buildActionMask = 2147483647;
			files = (
				84FA0AAE257A62700013B1CF /* Colores.swift in Sources */,
				84D3EC832577F8A2006A7613 /* LoginView.swift in Sources */,
				84FA0AA4257A611F0013B1CF /* TextView.swift in Sources */,
				84D3EC6F2577F6E1006A7613 /* TofyUITests.swift in Sources */,
				84FA0AB5257A675D0013B1CF /* Modifiers.swift in Sources */,
				84D3EC8D2577F8AD006A7613 /* LoginViewModel.swift in Sources */,
			);
			runOnlyForDeploymentPostprocessing = 0;
		};
/* End PBXSourcesBuildPhase section */

/* Begin PBXTargetDependency section */
		84D3EC612577F6E1006A7613 /* PBXTargetDependency */ = {
			isa = PBXTargetDependency;
			target = 84D3EC482577F6DF006A7613 /* Tofy */;
			targetProxy = 84D3EC602577F6E1006A7613 /* PBXContainerItemProxy */;
		};
		84D3EC6C2577F6E1006A7613 /* PBXTargetDependency */ = {
			isa = PBXTargetDependency;
			target = 84D3EC482577F6DF006A7613 /* Tofy */;
			targetProxy = 84D3EC6B2577F6E1006A7613 /* PBXContainerItemProxy */;
		};
/* End PBXTargetDependency section */

/* Begin XCBuildConfiguration section */
		84D3EC712577F6E1006A7613 /* Debug */ = {
			isa = XCBuildConfiguration;
			buildSettings = {
				ALWAYS_SEARCH_USER_PATHS = NO;
				CLANG_ANALYZER_NONNULL = YES;
				CLANG_ANALYZER_NUMBER_OBJECT_CONVERSION = YES_AGGRESSIVE;
				CLANG_CXX_LANGUAGE_STANDARD = "gnu++14";
				CLANG_CXX_LIBRARY = "libc++";
				CLANG_ENABLE_MODULES = YES;
				CLANG_ENABLE_OBJC_ARC = YES;
				CLANG_ENABLE_OBJC_WEAK = YES;
				CLANG_WARN_BLOCK_CAPTURE_AUTORELEASING = YES;
				CLANG_WARN_BOOL_CONVERSION = YES;
				CLANG_WARN_COMMA = YES;
				CLANG_WARN_CONSTANT_CONVERSION = YES;
				CLANG_WARN_DEPRECATED_OBJC_IMPLEMENTATIONS = YES;
				CLANG_WARN_DIRECT_OBJC_ISA_USAGE = YES_ERROR;
				CLANG_WARN_DOCUMENTATION_COMMENTS = YES;
				CLANG_WARN_EMPTY_BODY = YES;
				CLANG_WARN_ENUM_CONVERSION = YES;
				CLANG_WARN_INFINITE_RECURSION = YES;
				CLANG_WARN_INT_CONVERSION = YES;
				CLANG_WARN_NON_LITERAL_NULL_CONVERSION = YES;
				CLANG_WARN_OBJC_IMPLICIT_RETAIN_SELF = YES;
				CLANG_WARN_OBJC_LITERAL_CONVERSION = YES;
				CLANG_WARN_OBJC_ROOT_CLASS = YES_ERROR;
				CLANG_WARN_QUOTED_INCLUDE_IN_FRAMEWORK_HEADER = YES;
				CLANG_WARN_RANGE_LOOP_ANALYSIS = YES;
				CLANG_WARN_STRICT_PROTOTYPES = YES;
				CLANG_WARN_SUSPICIOUS_MOVE = YES;
				CLANG_WARN_UNGUARDED_AVAILABILITY = YES_AGGRESSIVE;
				CLANG_WARN_UNREACHABLE_CODE = YES;
				CLANG_WARN__DUPLICATE_METHOD_MATCH = YES;
				COPY_PHASE_STRIP = NO;
				DEAD_CODE_STRIPPING = NO;
				DEBUG_INFORMATION_FORMAT = dwarf;
				ENABLE_STRICT_OBJC_MSGSEND = YES;
				ENABLE_TESTABILITY = YES;
				GCC_C_LANGUAGE_STANDARD = gnu11;
				GCC_DYNAMIC_NO_PIC = NO;
				GCC_NO_COMMON_BLOCKS = YES;
				GCC_OPTIMIZATION_LEVEL = 0;
				GCC_PREPROCESSOR_DEFINITIONS = (
					"DEBUG=1",
					"$(inherited)",
				);
				GCC_WARN_64_TO_32_BIT_CONVERSION = YES;
				GCC_WARN_ABOUT_RETURN_TYPE = YES_ERROR;
				GCC_WARN_UNDECLARED_SELECTOR = YES;
				GCC_WARN_UNINITIALIZED_AUTOS = YES_AGGRESSIVE;
				GCC_WARN_UNUSED_FUNCTION = YES;
				GCC_WARN_UNUSED_VARIABLE = YES;
				IPHONEOS_DEPLOYMENT_TARGET = 14.2;
				MTL_ENABLE_DEBUG_INFO = INCLUDE_SOURCE;
				MTL_FAST_MATH = YES;
				ONLY_ACTIVE_ARCH = YES;
				SDKROOT = iphoneos;
				SWIFT_ACTIVE_COMPILATION_CONDITIONS = DEBUG;
				SWIFT_OPTIMIZATION_LEVEL = "-Onone";
			};
			name = Debug;
		};
		84D3EC722577F6E1006A7613 /* Release */ = {
			isa = XCBuildConfiguration;
			buildSettings = {
				ALWAYS_SEARCH_USER_PATHS = NO;
				CLANG_ANALYZER_NONNULL = YES;
				CLANG_ANALYZER_NUMBER_OBJECT_CONVERSION = YES_AGGRESSIVE;
				CLANG_CXX_LANGUAGE_STANDARD = "gnu++14";
				CLANG_CXX_LIBRARY = "libc++";
				CLANG_ENABLE_MODULES = YES;
				CLANG_ENABLE_OBJC_ARC = YES;
				CLANG_ENABLE_OBJC_WEAK = YES;
				CLANG_WARN_BLOCK_CAPTURE_AUTORELEASING = YES;
				CLANG_WARN_BOOL_CONVERSION = YES;
				CLANG_WARN_COMMA = YES;
				CLANG_WARN_CONSTANT_CONVERSION = YES;
				CLANG_WARN_DEPRECATED_OBJC_IMPLEMENTATIONS = YES;
				CLANG_WARN_DIRECT_OBJC_ISA_USAGE = YES_ERROR;
				CLANG_WARN_DOCUMENTATION_COMMENTS = YES;
				CLANG_WARN_EMPTY_BODY = YES;
				CLANG_WARN_ENUM_CONVERSION = YES;
				CLANG_WARN_INFINITE_RECURSION = YES;
				CLANG_WARN_INT_CONVERSION = YES;
				CLANG_WARN_NON_LITERAL_NULL_CONVERSION = YES;
				CLANG_WARN_OBJC_IMPLICIT_RETAIN_SELF = YES;
				CLANG_WARN_OBJC_LITERAL_CONVERSION = YES;
				CLANG_WARN_OBJC_ROOT_CLASS = YES_ERROR;
				CLANG_WARN_QUOTED_INCLUDE_IN_FRAMEWORK_HEADER = YES;
				CLANG_WARN_RANGE_LOOP_ANALYSIS = YES;
				CLANG_WARN_STRICT_PROTOTYPES = YES;
				CLANG_WARN_SUSPICIOUS_MOVE = YES;
				CLANG_WARN_UNGUARDED_AVAILABILITY = YES_AGGRESSIVE;
				CLANG_WARN_UNREACHABLE_CODE = YES;
				CLANG_WARN__DUPLICATE_METHOD_MATCH = YES;
				COPY_PHASE_STRIP = NO;
				DEAD_CODE_STRIPPING = NO;
				DEBUG_INFORMATION_FORMAT = "dwarf-with-dsym";
				ENABLE_NS_ASSERTIONS = NO;
				ENABLE_STRICT_OBJC_MSGSEND = YES;
				GCC_C_LANGUAGE_STANDARD = gnu11;
				GCC_NO_COMMON_BLOCKS = YES;
				GCC_WARN_64_TO_32_BIT_CONVERSION = YES;
				GCC_WARN_ABOUT_RETURN_TYPE = YES_ERROR;
				GCC_WARN_UNDECLARED_SELECTOR = YES;
				GCC_WARN_UNINITIALIZED_AUTOS = YES_AGGRESSIVE;
				GCC_WARN_UNUSED_FUNCTION = YES;
				GCC_WARN_UNUSED_VARIABLE = YES;
				IPHONEOS_DEPLOYMENT_TARGET = 14.2;
				MTL_ENABLE_DEBUG_INFO = NO;
				MTL_FAST_MATH = YES;
				SDKROOT = iphoneos;
				SWIFT_COMPILATION_MODE = wholemodule;
				SWIFT_OPTIMIZATION_LEVEL = "-O";
				VALIDATE_PRODUCT = YES;
			};
			name = Release;
		};
		84D3EC742577F6E1006A7613 /* Debug */ = {
			isa = XCBuildConfiguration;
			buildSettings = {
				ASSETCATALOG_COMPILER_APPICON_NAME = AppIcon;
				ASSETCATALOG_COMPILER_GLOBAL_ACCENT_COLOR_NAME = AccentColor;
				CODE_SIGN_IDENTITY = "iPhone Developer";
				CODE_SIGN_STYLE = Manual;
				CURRENT_PROJECT_VERSION = 2;
				DEVELOPMENT_ASSET_PATHS = "\"Tofy/Preview Content\"";
				DEVELOPMENT_TEAM = D5PK29TDFS;
				ENABLE_PREVIEWS = YES;
				INFOPLIST_FILE = Tofy/Info.plist;
				IPHONEOS_DEPLOYMENT_TARGET = 14.0;
				LD_RUNPATH_SEARCH_PATHS = (
					"$(inherited)",
					"@executable_path/Frameworks",
				);
				MARKETING_VERSION = 1.0;
				PRODUCT_BUNDLE_IDENTIFIER = com.codebounds.tofykeys.development;
				PRODUCT_NAME = "$(TARGET_NAME)";
				PROVISIONING_PROFILE_SPECIFIER = TofyKeysDevelopmentProfile;
				SWIFT_VERSION = 5.0;
				TARGETED_DEVICE_FAMILY = "1,2";
			};
			name = Debug;
		};
		84D3EC752577F6E1006A7613 /* Release */ = {
			isa = XCBuildConfiguration;
			buildSettings = {
				ASSETCATALOG_COMPILER_APPICON_NAME = AppIcon;
				ASSETCATALOG_COMPILER_GLOBAL_ACCENT_COLOR_NAME = AccentColor;
				CODE_SIGN_IDENTITY = "iPhone Distribution";
				CODE_SIGN_STYLE = Manual;
				CURRENT_PROJECT_VERSION = 2;
				DEVELOPMENT_ASSET_PATHS = "\"Tofy/Preview Content\"";
				DEVELOPMENT_TEAM = D5PK29TDFS;
				ENABLE_PREVIEWS = YES;
				INFOPLIST_FILE = Tofy/Info.plist;
				IPHONEOS_DEPLOYMENT_TARGET = 14.0;
				LD_RUNPATH_SEARCH_PATHS = (
					"$(inherited)",
					"@executable_path/Frameworks",
				);
				MARKETING_VERSION = 1.0;
				PRODUCT_BUNDLE_IDENTIFIER = com.codebounds.tofykeys.production;
				PRODUCT_NAME = "$(TARGET_NAME)";
				PROVISIONING_PROFILE_SPECIFIER = TofyKeysProductionProfile;
				SWIFT_VERSION = 5.0;
				TARGETED_DEVICE_FAMILY = "1,2";
			};
			name = Release;
		};
		84D3EC772577F6E1006A7613 /* Debug */ = {
			isa = XCBuildConfiguration;
			buildSettings = {
				ALWAYS_EMBED_SWIFT_STANDARD_LIBRARIES = YES;
				BUNDLE_LOADER = "$(TEST_HOST)";
				CODE_SIGN_STYLE = Automatic;
				INFOPLIST_FILE = TofyTests/Info.plist;
				IPHONEOS_DEPLOYMENT_TARGET = 14.0;
				LD_RUNPATH_SEARCH_PATHS = (
					"$(inherited)",
					"@executable_path/Frameworks",
					"@loader_path/Frameworks",
				);
				PRODUCT_BUNDLE_IDENTIFIER = com.codebounds.TofyTests;
				PRODUCT_NAME = "$(TARGET_NAME)";
				SWIFT_VERSION = 5.0;
				TARGETED_DEVICE_FAMILY = "1,2";
				TEST_HOST = "$(BUILT_PRODUCTS_DIR)/Tofy.app/Tofy";
			};
			name = Debug;
		};
		84D3EC782577F6E1006A7613 /* Release */ = {
			isa = XCBuildConfiguration;
			buildSettings = {
				ALWAYS_EMBED_SWIFT_STANDARD_LIBRARIES = YES;
				BUNDLE_LOADER = "$(TEST_HOST)";
				CODE_SIGN_STYLE = Automatic;
				INFOPLIST_FILE = TofyTests/Info.plist;
				IPHONEOS_DEPLOYMENT_TARGET = 14.0;
				LD_RUNPATH_SEARCH_PATHS = (
					"$(inherited)",
					"@executable_path/Frameworks",
					"@loader_path/Frameworks",
				);
				PRODUCT_BUNDLE_IDENTIFIER = com.codebounds.TofyTests;
				PRODUCT_NAME = "$(TARGET_NAME)";
				SWIFT_VERSION = 5.0;
				TARGETED_DEVICE_FAMILY = "1,2";
				TEST_HOST = "$(BUILT_PRODUCTS_DIR)/Tofy.app/Tofy";
			};
			name = Release;
		};
		84D3EC7A2577F6E1006A7613 /* Debug */ = {
			isa = XCBuildConfiguration;
			buildSettings = {
				ALWAYS_EMBED_SWIFT_STANDARD_LIBRARIES = YES;
				CODE_SIGN_STYLE = Automatic;
				INFOPLIST_FILE = TofyUITests/Info.plist;
				LD_RUNPATH_SEARCH_PATHS = (
					"$(inherited)",
					"@executable_path/Frameworks",
					"@loader_path/Frameworks",
				);
				PRODUCT_BUNDLE_IDENTIFIER = com.codebounds.TofyUITests;
				PRODUCT_NAME = "$(TARGET_NAME)";
				SWIFT_VERSION = 5.0;
				TARGETED_DEVICE_FAMILY = "1,2";
				TEST_TARGET_NAME = Tofy;
			};
			name = Debug;
		};
		84D3EC7B2577F6E1006A7613 /* Release */ = {
			isa = XCBuildConfiguration;
			buildSettings = {
				ALWAYS_EMBED_SWIFT_STANDARD_LIBRARIES = YES;
				CODE_SIGN_STYLE = Automatic;
				INFOPLIST_FILE = TofyUITests/Info.plist;
				LD_RUNPATH_SEARCH_PATHS = (
					"$(inherited)",
					"@executable_path/Frameworks",
					"@loader_path/Frameworks",
				);
				PRODUCT_BUNDLE_IDENTIFIER = com.codebounds.TofyUITests;
				PRODUCT_NAME = "$(TARGET_NAME)";
				SWIFT_VERSION = 5.0;
				TARGETED_DEVICE_FAMILY = "1,2";
				TEST_TARGET_NAME = Tofy;
			};
			name = Release;
		};
/* End XCBuildConfiguration section */

/* Begin XCConfigurationList section */
		84D3EC442577F6DF006A7613 /* Build configuration list for PBXProject "Tofy" */ = {
			isa = XCConfigurationList;
			buildConfigurations = (
				84D3EC712577F6E1006A7613 /* Debug */,
				84D3EC722577F6E1006A7613 /* Release */,
			);
			defaultConfigurationIsVisible = 0;
			defaultConfigurationName = Release;
		};
		84D3EC732577F6E1006A7613 /* Build configuration list for PBXNativeTarget "Tofy" */ = {
			isa = XCConfigurationList;
			buildConfigurations = (
				84D3EC742577F6E1006A7613 /* Debug */,
				84D3EC752577F6E1006A7613 /* Release */,
			);
			defaultConfigurationIsVisible = 0;
			defaultConfigurationName = Release;
		};
		84D3EC762577F6E1006A7613 /* Build configuration list for PBXNativeTarget "TofyTests" */ = {
			isa = XCConfigurationList;
			buildConfigurations = (
				84D3EC772577F6E1006A7613 /* Debug */,
				84D3EC782577F6E1006A7613 /* Release */,
			);
			defaultConfigurationIsVisible = 0;
			defaultConfigurationName = Release;
		};
		84D3EC792577F6E1006A7613 /* Build configuration list for PBXNativeTarget "TofyUITests" */ = {
			isa = XCConfigurationList;
			buildConfigurations = (
				84D3EC7A2577F6E1006A7613 /* Debug */,
				84D3EC7B2577F6E1006A7613 /* Release */,
			);
			defaultConfigurationIsVisible = 0;
			defaultConfigurationName = Release;
		};
/* End XCConfigurationList section */

/* Begin XCRemoteSwiftPackageReference section */
		84F41491259A1D3B007B47B5 /* XCRemoteSwiftPackageReference "lottie-ios" */ = {
			isa = XCRemoteSwiftPackageReference;
			repositoryURL = "https://github.com/airbnb/lottie-ios";
			requirement = {
				kind = upToNextMajorVersion;
				minimumVersion = 3.1.9;
			};
		};
/* End XCRemoteSwiftPackageReference section */

/* Begin XCSwiftPackageProductDependency section */
		84F41492259A1D3B007B47B5 /* Lottie */ = {
			isa = XCSwiftPackageProductDependency;
			package = 84F41491259A1D3B007B47B5 /* XCRemoteSwiftPackageReference "lottie-ios" */;
			productName = Lottie;
		};
/* End XCSwiftPackageProductDependency section */

/* Begin XCVersionGroup section */
		84D3EC572577F6E1006A7613 /* Tofy.xcdatamodeld */ = {
			isa = XCVersionGroup;
			children = (
				84D3EC582577F6E1006A7613 /* Tofy.xcdatamodel */,
			);
			currentVersion = 84D3EC582577F6E1006A7613 /* Tofy.xcdatamodel */;
			path = Tofy.xcdatamodeld;
			sourceTree = "<group>";
			versionGroupType = wrapper.xcdatamodel;
		};
		84F414D9259AFDA3007B47B5 /* TofyKeys.xcdatamodeld */ = {
			isa = XCVersionGroup;
			children = (
				84F414DA259AFDA3007B47B5 /* TofyKeys.xcdatamodel */,
			);
			currentVersion = 84F414DA259AFDA3007B47B5 /* TofyKeys.xcdatamodel */;
			path = TofyKeys.xcdatamodeld;
			sourceTree = "<group>";
			versionGroupType = wrapper.xcdatamodel;
		};
/* End XCVersionGroup section */
	};
	rootObject = 84D3EC412577F6DF006A7613 /* Project object */;
}
